
Microsoft Visual Studio Solution File, Format Version 12.00
# Visual Studio Version 17
VisualStudioVersion = 17.4.33213.308
MinimumVisualStudioVersion = 10.0.40219.1
Project("{FAE04EC0-301F-11D3-BF4B-00C04F79EFBC}") = "Evva", "Evva\Evva.csproj", "{1314FFF8-5180-44F6-B4A3-2BF101BF3461}"
EndProject
Global
	GlobalSection(SolutionConfigurationPlatforms) = preSolution
		Debug|Any CPU = Debug|Any CPU
		Release|Any CPU = Release|Any CPU
	EndGlobalSection
	GlobalSection(ProjectConfigurationPlatforms) = postSolution
		{1314FFF8-5180-44F6-B4A3-2BF101BF3461}.Debug|Any CPU.ActiveCfg = Debug|Any CPU
		{1314FFF8-5180-44F6-B4A3-2BF101BF3461}.Debug|Any CPU.Build.0 = Debug|Any CPU
		{1314FFF8-5180-44F6-B4A3-2BF101BF3461}.Release|Any CPU.ActiveCfg = Release|Any CPU
		{1314FFF8-5180-44F6-B4A3-2BF101BF3461}.Release|Any CPU.Build.0 = Release|Any CPU
	EndGlobalSection
	GlobalSection(SolutionProperties) = preSolution
		HideSolutionNode = FALSE
	EndGlobalSection
	GlobalSection(ExtensibilityGlobals) = postSolution
		SolutionGuid = {87287FE7-F898-48C7-BB57-26A52DFCF89E}
	EndGlobalSection
EndGlobal
